
Microsoft Visual Studio Solution File, Format Version 12.00
# Visual Studio Version 17
VisualStudioVersion = 17.2.32630.192
MinimumVisualStudioVersion = 10.0.40219.1
Project("{9A19103F-16F7-4668-BE54-9A1E7A4F7556}") = "ConsoleApp 12 (2) Telephone directory", "ConsoleApp 12 (2) Telephone directory.csproj", "{4E9DA30B-6176-4CCB-BC41-59297F24E628}"
EndProject
Global
	GlobalSection(SolutionConfigurationPlatforms) = preSolution
		Debug|Any CPU = Debug|Any CPU
		Release|Any CPU = Release|Any CPU
	EndGlobalSection
	GlobalSection(ProjectConfigurationPlatforms) = postSolution
		{4E9DA30B-6176-4CCB-BC41-59297F24E628}.Debug|Any CPU.ActiveCfg = Debug|Any CPU
		{4E9DA30B-6176-4CCB-BC41-59297F24E628}.Debug|Any CPU.Build.0 = Debug|Any CPU
		{4E9DA30B-6176-4CCB-BC41-59297F24E628}.Release|Any CPU.ActiveCfg = Release|Any CPU
		{4E9DA30B-6176-4CCB-BC41-59297F24E628}.Release|Any CPU.Build.0 = Release|Any CPU
	EndGlobalSection
	GlobalSection(SolutionProperties) = preSolution
		HideSolutionNode = FALSE
	EndGlobalSection
	GlobalSection(ExtensibilityGlobals) = postSolution
		SolutionGuid = {0BB398B6-49A1-4634-ACF9-A62C4759236A}
	EndGlobalSection
EndGlobal
