
Microsoft Visual Studio Solution File, Format Version 12.00
# Visual Studio Version 17
VisualStudioVersion = 17.2.32630.192
MinimumVisualStudioVersion = 10.0.40219.1
Project("{FAE04EC0-301F-11D3-BF4B-00C04F79EFBC}") = "ConsoleApp5(2)", "ConsoleApp5(2).csproj", "{5B7E6AE8-3404-4AC4-802C-08BAF5B504A9}"
EndProject
Global
	GlobalSection(SolutionConfigurationPlatforms) = preSolution
		Debug|Any CPU = Debug|Any CPU
		Release|Any CPU = Release|Any CPU
	EndGlobalSection
	GlobalSection(ProjectConfigurationPlatforms) = postSolution
		{5B7E6AE8-3404-4AC4-802C-08BAF5B504A9}.Debug|Any CPU.ActiveCfg = Debug|Any CPU
		{5B7E6AE8-3404-4AC4-802C-08BAF5B504A9}.Debug|Any CPU.Build.0 = Debug|Any CPU
		{5B7E6AE8-3404-4AC4-802C-08BAF5B504A9}.Release|Any CPU.ActiveCfg = Release|Any CPU
		{5B7E6AE8-3404-4AC4-802C-08BAF5B504A9}.Release|Any CPU.Build.0 = Release|Any CPU
	EndGlobalSection
	GlobalSection(SolutionProperties) = preSolution
		HideSolutionNode = FALSE
	EndGlobalSection
	GlobalSection(ExtensibilityGlobals) = postSolution
		SolutionGuid = {25C160AB-7C57-403C-AB95-84FB01C10923}
	EndGlobalSection
EndGlobal
