
Microsoft Visual Studio Solution File, Format Version 12.00
# Visual Studio Version 17
VisualStudioVersion = 17.2.32630.192
MinimumVisualStudioVersion = 10.0.40219.1
Project("{FAE04EC0-301F-11D3-BF4B-00C04F79EFBC}") = "ConsoleApp 16 Car", "ConsoleApp 16 Car.csproj", "{B9057C6D-3DE6-4CBF-8850-BA3E60CE28C8}"
EndProject
Global
	GlobalSection(SolutionConfigurationPlatforms) = preSolution
		Debug|Any CPU = Debug|Any CPU
		Release|Any CPU = Release|Any CPU
	EndGlobalSection
	GlobalSection(ProjectConfigurationPlatforms) = postSolution
		{B9057C6D-3DE6-4CBF-8850-BA3E60CE28C8}.Debug|Any CPU.ActiveCfg = Debug|Any CPU
		{B9057C6D-3DE6-4CBF-8850-BA3E60CE28C8}.Debug|Any CPU.Build.0 = Debug|Any CPU
		{B9057C6D-3DE6-4CBF-8850-BA3E60CE28C8}.Release|Any CPU.ActiveCfg = Release|Any CPU
		{B9057C6D-3DE6-4CBF-8850-BA3E60CE28C8}.Release|Any CPU.Build.0 = Release|Any CPU
	EndGlobalSection
	GlobalSection(SolutionProperties) = preSolution
		HideSolutionNode = FALSE
	EndGlobalSection
	GlobalSection(ExtensibilityGlobals) = postSolution
		SolutionGuid = {A18C3EF5-4ADC-44F1-A03C-BA55D9061D53}
	EndGlobalSection
EndGlobal
