
Microsoft Visual Studio Solution File, Format Version 12.00
# Visual Studio Version 17
VisualStudioVersion = 17.2.32630.192
MinimumVisualStudioVersion = 10.0.40219.1
Project("{FAE04EC0-301F-11D3-BF4B-00C04F79EFBC}") = "SelfDevelopment", "SelfDevelopment.csproj", "{0C86438A-E145-4F8A-95D6-C00D3E4FE2DC}"
EndProject
Project("{FAE04EC0-301F-11D3-BF4B-00C04F79EFBC}") = "GoIT", "..\GoIT\GoIT.csproj", "{8B185974-6058-4DB8-8F66-12D52EEAB582}"
EndProject
Global
	GlobalSection(SolutionConfigurationPlatforms) = preSolution
		Debug|Any CPU = Debug|Any CPU
		Release|Any CPU = Release|Any CPU
	EndGlobalSection
	GlobalSection(ProjectConfigurationPlatforms) = postSolution
		{0C86438A-E145-4F8A-95D6-C00D3E4FE2DC}.Debug|Any CPU.ActiveCfg = Debug|Any CPU
		{0C86438A-E145-4F8A-95D6-C00D3E4FE2DC}.Debug|Any CPU.Build.0 = Debug|Any CPU
		{0C86438A-E145-4F8A-95D6-C00D3E4FE2DC}.Release|Any CPU.ActiveCfg = Release|Any CPU
		{0C86438A-E145-4F8A-95D6-C00D3E4FE2DC}.Release|Any CPU.Build.0 = Release|Any CPU
		{8B185974-6058-4DB8-8F66-12D52EEAB582}.Debug|Any CPU.ActiveCfg = Debug|Any CPU
		{8B185974-6058-4DB8-8F66-12D52EEAB582}.Debug|Any CPU.Build.0 = Debug|Any CPU
		{8B185974-6058-4DB8-8F66-12D52EEAB582}.Release|Any CPU.ActiveCfg = Release|Any CPU
		{8B185974-6058-4DB8-8F66-12D52EEAB582}.Release|Any CPU.Build.0 = Release|Any CPU
	EndGlobalSection
	GlobalSection(SolutionProperties) = preSolution
		HideSolutionNode = FALSE
	EndGlobalSection
	GlobalSection(ExtensibilityGlobals) = postSolution
		SolutionGuid = {6F8821EB-FD5E-49D3-B0FC-559E6B066AE7}
	EndGlobalSection
EndGlobal
